{
  "requires": true,
  "lockfileVersion": 1,
  "dependencies": {
    "@mojaloop/sdk-standard-components": {
      "version": "file:https:/registry.npmjs.org/@mojaloop/sdk-standard-components/-/sdk-standard-components-8.1.0.tgz",
      "integrity": "sha512-RzCx4Au0jptn1k/f7trwzZpD+rewYn6b7sz6OCArC/8gV+yFHLmFo0iszrUgYiDtApk3SUMxuy4zJ1QFISDd3A==",
      "requires": {
        "base64url": "^3.0.1",
        "ilp-packet": "2.2.0",
        "jsonwebtoken": "^8.5.1",
        "jws": "^3.2.2",
        "request": "^2.34",
        "request-promise-native": "^1.0.7"
      }
    }
  }
}
